version: 6
environments:
  default:
    channels:
    - url: https://conda.anaconda.org/conda-forge/
    indexes:
    - https://pypi.org/simple
    options:
      pypi-prerelease-mode: if-necessary-or-explicit
    packages:
      linux-64:
      - conda: https://conda.anaconda.org/conda-forge/linux-64/_libgcc_mutex-0.1-conda_forge.tar.bz2
      - conda: https://conda.anaconda.org/conda-forge/linux-64/_openmp_mutex-4.5-2_gnu.tar.bz2
      - conda: https://conda.anaconda.org/conda-forge/noarch/backports.asyncio.runner-1.2.0-pyh5ded981_2.conda
      - conda: https://conda.anaconda.org/conda-forge/linux-64/bzip2-1.0.8-hda65f42_8.conda
      - conda: https://conda.anaconda.org/conda-forge/noarch/ca-certificates-2025.11.12-hbd8a1cb_0.conda
      - conda: https://conda.anaconda.org/conda-forge/noarch/colorama-0.4.6-pyhd8ed1ab_1.conda
      - conda: https://conda.anaconda.org/conda-forge/noarch/exceptiongroup-1.3.1-pyhd8ed1ab_0.conda
      - conda: https://conda.anaconda.org/conda-forge/linux-64/icu-78.1-h33c6efd_0.conda
      - conda: https://conda.anaconda.org/conda-forge/noarch/iniconfig-2.3.0-pyhd8ed1ab_0.conda
      - conda: https://conda.anaconda.org/conda-forge/linux-64/ld_impl_linux-64-2.45-default_hbd61a6d_105.conda
      - conda: https://conda.anaconda.org/conda-forge/linux-64/libexpat-2.7.3-hecca717_0.conda
      - conda: https://conda.anaconda.org/conda-forge/linux-64/libffi-3.5.2-h9ec8514_0.conda
      - conda: https://conda.anaconda.org/conda-forge/linux-64/libgcc-15.2.0-he0feb66_16.conda
      - conda: https://conda.anaconda.org/conda-forge/linux-64/libgomp-15.2.0-he0feb66_16.conda
      - conda: https://conda.anaconda.org/conda-forge/linux-64/liblzma-5.8.1-hb9d3cd8_2.conda
      - conda: https://conda.anaconda.org/conda-forge/linux-64/libmpdec-4.0.0-hb9d3cd8_0.conda
      - conda: https://conda.anaconda.org/conda-forge/linux-64/libsqlite-3.51.1-hf4e2dac_1.conda
      - conda: https://conda.anaconda.org/conda-forge/linux-64/libstdcxx-15.2.0-h934c35e_16.conda
      - conda: https://conda.anaconda.org/conda-forge/linux-64/libuuid-2.41.3-h5347b49_0.conda
      - conda: https://conda.anaconda.org/conda-forge/linux-64/libzlib-1.3.1-hb9d3cd8_2.conda
      - conda: https://conda.anaconda.org/conda-forge/linux-64/ncurses-6.5-h2d0b736_3.conda
      - conda: https://conda.anaconda.org/conda-forge/linux-64/openssl-3.6.0-h26f9b46_0.conda
      - conda: https://conda.anaconda.org/conda-forge/noarch/packaging-25.0-pyh29332c3_1.conda
      - conda: https://conda.anaconda.org/conda-forge/noarch/pluggy-1.6.0-pyhf9edf01_1.conda
      - conda: https://conda.anaconda.org/conda-forge/noarch/pygments-2.19.2-pyhd8ed1ab_0.conda
      - conda: https://conda.anaconda.org/conda-forge/noarch/pytest-9.0.2-pyhcf101f3_0.conda
      - conda: https://conda.anaconda.org/conda-forge/noarch/pytest-asyncio-1.3.0-pyhcf101f3_0.conda
      - conda: https://conda.anaconda.org/conda-forge/linux-64/python-3.14.2-h32b2ec7_100_cp314.conda
      - conda: https://conda.anaconda.org/conda-forge/noarch/python_abi-3.14-8_cp314.conda
      - conda: https://conda.anaconda.org/conda-forge/linux-64/readline-8.3-h853b02a_0.conda
      - conda: https://conda.anaconda.org/conda-forge/linux-64/tk-8.6.13-noxft_ha0e22de_103.conda
      - conda: https://conda.anaconda.org/conda-forge/noarch/tomli-2.3.0-pyhcf101f3_0.conda
      - conda: https://conda.anaconda.org/conda-forge/noarch/typing_extensions-4.15.0-pyhcf101f3_0.conda
      - conda: https://conda.anaconda.org/conda-forge/noarch/tzdata-2025c-h8577fbf_0.conda
      - conda: https://conda.anaconda.org/conda-forge/linux-64/zenoh-1.7.1-ha770c72_0.conda
      - conda: https://conda.anaconda.org/conda-forge/linux-64/zenoh-plugin-rest-1.7.1-h171a5d8_0.conda
      - conda: https://conda.anaconda.org/conda-forge/linux-64/zenoh-plugin-storage-manager-1.7.1-h171a5d8_0.conda
      - conda: https://conda.anaconda.org/conda-forge/linux-64/zenohd-1.7.1-h171a5d8_0.conda
      - conda: https://conda.anaconda.org/conda-forge/linux-64/zstd-1.5.7-hb78ec9c_6.conda
      - pypi: https://files.pythonhosted.org/packages/75/53/9ca45e10d536721340d229a36b42b16666d53c356d2c60c25c920b9896fb/asyncio_for_robotics-1.2.5-py3-none-any.whl
      - pypi: https://files.pythonhosted.org/packages/2e/0a/bd97324cde6dbdc698f268b8d99471599356f69451cfc237a7c5b183cdf9/eclipse_zenoh-1.7.1-cp39-abi3-manylinux_2_17_x86_64.manylinux2014_x86_64.whl
      - pypi: ./
      linux-aarch64:
      - conda: https://conda.anaconda.org/conda-forge/linux-aarch64/_openmp_mutex-4.5-2_gnu.tar.bz2
      - conda: https://conda.anaconda.org/conda-forge/noarch/backports.asyncio.runner-1.2.0-pyh5ded981_2.conda
      - conda: https://conda.anaconda.org/conda-forge/linux-aarch64/bzip2-1.0.8-h4777abc_8.conda
      - conda: https://conda.anaconda.org/conda-forge/noarch/ca-certificates-2025.11.12-hbd8a1cb_0.conda
      - conda: https://conda.anaconda.org/conda-forge/noarch/colorama-0.4.6-pyhd8ed1ab_1.conda
      - conda: https://conda.anaconda.org/conda-forge/noarch/exceptiongroup-1.3.1-pyhd8ed1ab_0.conda
      - conda: https://conda.anaconda.org/conda-forge/linux-aarch64/icu-78.1-hb1525cb_0.conda
      - conda: https://conda.anaconda.org/conda-forge/noarch/iniconfig-2.3.0-pyhd8ed1ab_0.conda
      - conda: https://conda.anaconda.org/conda-forge/linux-aarch64/ld_impl_linux-aarch64-2.45-default_h1979696_105.conda
      - conda: https://conda.anaconda.org/conda-forge/linux-aarch64/libexpat-2.7.3-hfae3067_0.conda
      - conda: https://conda.anaconda.org/conda-forge/linux-aarch64/libffi-3.5.2-hd65408f_0.conda
      - conda: https://conda.anaconda.org/conda-forge/linux-aarch64/libgcc-15.2.0-h8acb6b2_16.conda
      - conda: https://conda.anaconda.org/conda-forge/linux-aarch64/libgomp-15.2.0-h8acb6b2_16.conda
      - conda: https://conda.anaconda.org/conda-forge/linux-aarch64/liblzma-5.8.1-h86ecc28_2.conda
      - conda: https://conda.anaconda.org/conda-forge/linux-aarch64/libmpdec-4.0.0-h86ecc28_0.conda
      - conda: https://conda.anaconda.org/conda-forge/linux-aarch64/libsqlite-3.51.1-h10b116e_1.conda
      - conda: https://conda.anaconda.org/conda-forge/linux-aarch64/libstdcxx-15.2.0-hef695bb_16.conda
      - conda: https://conda.anaconda.org/conda-forge/linux-aarch64/libuuid-2.41.3-h1022ec0_0.conda
      - conda: https://conda.anaconda.org/conda-forge/linux-aarch64/libzlib-1.3.1-h86ecc28_2.conda
      - conda: https://conda.anaconda.org/conda-forge/linux-aarch64/ncurses-6.5-ha32ae93_3.conda
      - conda: https://conda.anaconda.org/conda-forge/linux-aarch64/openssl-3.6.0-h8e36d6e_0.conda
      - conda: https://conda.anaconda.org/conda-forge/noarch/packaging-25.0-pyh29332c3_1.conda
      - conda: https://conda.anaconda.org/conda-forge/noarch/pluggy-1.6.0-pyhf9edf01_1.conda
      - conda: https://conda.anaconda.org/conda-forge/noarch/pygments-2.19.2-pyhd8ed1ab_0.conda
      - conda: https://conda.anaconda.org/conda-forge/noarch/pytest-9.0.2-pyhcf101f3_0.conda
      - conda: https://conda.anaconda.org/conda-forge/noarch/pytest-asyncio-1.3.0-pyhcf101f3_0.conda
      - conda: https://conda.anaconda.org/conda-forge/linux-aarch64/python-3.14.2-hb06a95a_100_cp314.conda
      - conda: https://conda.anaconda.org/conda-forge/noarch/python_abi-3.14-8_cp314.conda
      - conda: https://conda.anaconda.org/conda-forge/linux-aarch64/readline-8.3-hb682ff5_0.conda
      - conda: https://conda.anaconda.org/conda-forge/linux-aarch64/tk-8.6.13-noxft_h561c983_103.conda
      - conda: https://conda.anaconda.org/conda-forge/noarch/tomli-2.3.0-pyhcf101f3_0.conda
      - conda: https://conda.anaconda.org/conda-forge/noarch/typing_extensions-4.15.0-pyhcf101f3_0.conda
      - conda: https://conda.anaconda.org/conda-forge/noarch/tzdata-2025c-h8577fbf_0.conda
      - conda: https://conda.anaconda.org/conda-forge/linux-aarch64/zenoh-1.7.1-h8af1aa0_0.conda
      - conda: https://conda.anaconda.org/conda-forge/linux-aarch64/zenoh-plugin-rest-1.7.1-h5adfe75_0.conda
      - conda: https://conda.anaconda.org/conda-forge/linux-aarch64/zenoh-plugin-storage-manager-1.7.1-h5adfe75_0.conda
      - conda: https://conda.anaconda.org/conda-forge/linux-aarch64/zenohd-1.7.1-h5adfe75_0.conda
      - conda: https://conda.anaconda.org/conda-forge/linux-aarch64/zstd-1.5.7-h85ac4a6_6.conda
      - pypi: https://files.pythonhosted.org/packages/75/53/9ca45e10d536721340d229a36b42b16666d53c356d2c60c25c920b9896fb/asyncio_for_robotics-1.2.5-py3-none-any.whl
      - pypi: https://files.pythonhosted.org/packages/aa/c5/f967340deda1820173b782561bb49dc7b5d7e3bb84f0f7e2ae7779bb5bd8/eclipse_zenoh-1.7.1-cp39-abi3-manylinux_2_28_aarch64.whl
      - pypi: ./
packages:
- conda: https://conda.anaconda.org/conda-forge/linux-64/_libgcc_mutex-0.1-conda_forge.tar.bz2
  sha256: fe51de6107f9edc7aa4f786a70f4a883943bc9d39b3bb7307c04c41410990726
  md5: d7c89558ba9fa0495403155b64376d81
  license: None
  purls: []
  size: 2562
  timestamp: 1578324546067
- conda: https://conda.anaconda.org/conda-forge/linux-64/_openmp_mutex-4.5-2_gnu.tar.bz2
  build_number: 16
  sha256: fbe2c5e56a653bebb982eda4876a9178aedfc2b545f25d0ce9c4c0b508253d22
  md5: 73aaf86a425cc6e73fcf236a5a46396d
  depends:
  - _libgcc_mutex 0.1 conda_forge
  - libgomp >=7.5.0
  constrains:
  - openmp_impl 9999
  license: BSD-3-Clause
  license_family: BSD
  purls: []
  size: 23621
  timestamp: 1650670423406
- conda: https://conda.anaconda.org/conda-forge/linux-aarch64/_openmp_mutex-4.5-2_gnu.tar.bz2
  build_number: 16
  sha256: 3702bef2f0a4d38bd8288bbe54aace623602a1343c2cfbefd3fa188e015bebf0
  md5: 6168d71addc746e8f2b8d57dfd2edcea
  depends:
  - libgomp >=7.5.0
  constrains:
  - openmp_impl 9999
  license: BSD-3-Clause
  license_family: BSD
  purls: []
  size: 23712
  timestamp: 1650670790230
- pypi: https://files.pythonhosted.org/packages/75/53/9ca45e10d536721340d229a36b42b16666d53c356d2c60c25c920b9896fb/asyncio_for_robotics-1.2.5-py3-none-any.whl
  name: asyncio-for-robotics
  version: 1.2.5
  sha256: 267ffa587e23f32327f1c7eacec58e7f816e0096a511865aa44990a231bc3351
  requires_dist:
  - typing-extensions>=4.0 ; python_full_version < '3.11'
  - async-timeout ; python_full_version < '3.11'
  - eclipse-zenoh>=1.0.0 ; extra == 'zenoh'
  - colorama ; extra == 'dev'
  - pytest ; extra == 'dev'
  - pytest-asyncio ; extra == 'dev'
  - pyfiglet ; extra == 'benchmarks'
  - uvloop ; extra == 'benchmarks'
  - build ; extra == 'build'
  - twine ; extra == 'build'
  requires_python: '>=3.10,<3.15'
- conda: https://conda.anaconda.org/conda-forge/noarch/backports.asyncio.runner-1.2.0-pyh5ded981_2.conda
  sha256: 2ade43752e8494f110a2cfb9e4d5b1ea29e3dcb037fba63395442d00371e8bf9
  md5: 0fd7e45c862b3305226a992f9f7b204a
  depends:
  - python >=3.11
  - python
  constrains:
  - python >=3.11
  license: PSF-2.0
  license_family: PSF
  purls: []
  size: 10186
  timestamp: 1753456386827
- conda: https://conda.anaconda.org/conda-forge/linux-64/bzip2-1.0.8-hda65f42_8.conda
  sha256: c30daba32ddebbb7ded490f0e371eae90f51e72db620554089103b4a6934b0d5
  md5: 51a19bba1b8ebfb60df25cde030b7ebc
  depends:
  - __glibc >=2.17,<3.0.a0
  - libgcc >=14
  license: bzip2-1.0.6
  license_family: BSD
  purls: []
  size: 260341
  timestamp: 1757437258798
- conda: https://conda.anaconda.org/conda-forge/linux-aarch64/bzip2-1.0.8-h4777abc_8.conda
  sha256: d2a296aa0b5f38ed9c264def6cf775c0ccb0f110ae156fcde322f3eccebf2e01
  md5: 2921ac0b541bf37c69e66bd6d9a43bca
  depends:
  - libgcc >=14
  license: bzip2-1.0.6
  license_family: BSD
  purls: []
  size: 192536
  timestamp: 1757437302703
- conda: https://conda.anaconda.org/conda-forge/noarch/ca-certificates-2025.11.12-hbd8a1cb_0.conda
  sha256: b986ba796d42c9d3265602bc038f6f5264095702dd546c14bc684e60c385e773
  md5: f0991f0f84902f6b6009b4d2350a83aa
  depends:
  - __unix
  license: ISC
  purls: []
  size: 152432
  timestamp: 1762967197890
- conda: https://conda.anaconda.org/conda-forge/noarch/colorama-0.4.6-pyhd8ed1ab_1.conda
  sha256: ab29d57dc70786c1269633ba3dff20288b81664d3ff8d21af995742e2bb03287
  md5: 962b9857ee8e7018c22f2776ffa0b2d7
  depends:
  - python >=3.9
  license: BSD-3-Clause
  license_family: BSD
  purls:
  - pkg:pypi/colorama?source=hash-mapping
  size: 27011
  timestamp: 1733218222191
- pypi: https://files.pythonhosted.org/packages/2e/0a/bd97324cde6dbdc698f268b8d99471599356f69451cfc237a7c5b183cdf9/eclipse_zenoh-1.7.1-cp39-abi3-manylinux_2_17_x86_64.manylinux2014_x86_64.whl
  name: eclipse-zenoh
  version: 1.7.1
  sha256: d8cb0d8f653c9016d3f4b38177579c005e5288a363c2e3c245bf0e73001b3674
  requires_python: '>=3.8'
- pypi: https://files.pythonhosted.org/packages/aa/c5/f967340deda1820173b782561bb49dc7b5d7e3bb84f0f7e2ae7779bb5bd8/eclipse_zenoh-1.7.1-cp39-abi3-manylinux_2_28_aarch64.whl
  name: eclipse-zenoh
  version: 1.7.1
  sha256: 798a85267847090b4b459d541e43cf75e587a98e112beebba25f46e18982f1f2
  requires_python: '>=3.8'
- pypi: ./
  name: elian-experiment
  version: 0.1.0
  sha256: 171761f75405ce1ba5a5d6d126dc00ae7aa48f371caec0f4eb4b36c4030bdffe
  requires_dist:
  - asyncio-for-robotics
  - eclipse-zenoh
  requires_python: '>=3.11,<3.15'
- conda: https://conda.anaconda.org/conda-forge/noarch/exceptiongroup-1.3.1-pyhd8ed1ab_0.conda
  sha256: ee6cf346d017d954255bbcbdb424cddea4d14e4ed7e9813e429db1d795d01144
  md5: 8e662bd460bda79b1ea39194e3c4c9ab
  depends:
  - python >=3.10
  - typing_extensions >=4.6.0
  license: MIT and PSF-2.0
  purls:
  - pkg:pypi/exceptiongroup?source=compressed-mapping
  size: 21333
  timestamp: 1763918099466
- conda: https://conda.anaconda.org/conda-forge/linux-64/icu-78.1-h33c6efd_0.conda
  sha256: 7d6463d0be5092b2ae8f2fad34dc84de83eab8bd44cc0d4be8931881c973c48f
  md5: 518e9bbbc3e3486d6a4519192ba690f8
  depends:
  - __glibc >=2.17,<3.0.a0
  - libgcc >=14
  - libstdcxx >=14
  license: MIT
  purls: []
  size: 12722920
  timestamp: 1766299101259
- conda: https://conda.anaconda.org/conda-forge/linux-aarch64/icu-78.1-hb1525cb_0.conda
  sha256: 550c581d08eefe420f9ed14148f1c1d59a3e33de78806a1b8d610d207d06374c
  md5: 5eba836ceb0cccf969d9518ca884de2a
  depends:
  - libgcc >=14
  - libstdcxx >=14
  license: MIT
  purls: []
  size: 12835377
  timestamp: 1766304007889
- conda: https://conda.anaconda.org/conda-forge/noarch/iniconfig-2.3.0-pyhd8ed1ab_0.conda
  sha256: e1a9e3b1c8fe62dc3932a616c284b5d8cbe3124bbfbedcf4ce5c828cb166ee19
  md5: 9614359868482abba1bd15ce465e3c42
  depends:
  - python >=3.10
  license: MIT
  license_family: MIT
  purls:
  - pkg:pypi/iniconfig?source=compressed-mapping
  size: 13387
  timestamp: 1760831448842
- conda: https://conda.anaconda.org/conda-forge/linux-64/ld_impl_linux-64-2.45-default_hbd61a6d_105.conda
  sha256: 1027bd8aa0d5144e954e426ab6218fd5c14e54a98f571985675468b339c808ca
  md5: 3ec0aa5037d39b06554109a01e6fb0c6
  depends:
  - __glibc >=2.17,<3.0.a0
  - zstd >=1.5.7,<1.6.0a0
  constrains:
  - binutils_impl_linux-64 2.45
  license: GPL-3.0-only
  purls: []
  size: 730831
  timestamp: 1766513089214
- conda: https://conda.anaconda.org/conda-forge/linux-aarch64/ld_impl_linux-aarch64-2.45-default_h1979696_105.conda
  sha256: 12e7341b89e9ea319a3b4de03d02cd988fa02b8a678f4e46779515009b5e475c
  md5: 849c4cbbf8dd1d71e66c13afed1d2f12
  depends:
  - zstd >=1.5.7,<1.6.0a0
  constrains:
  - binutils_impl_linux-aarch64 2.45
  license: GPL-3.0-only
  purls: []
  size: 876257
  timestamp: 1766513180236
- conda: https://conda.anaconda.org/conda-forge/linux-64/libexpat-2.7.3-hecca717_0.conda
  sha256: 1e1b08f6211629cbc2efe7a5bca5953f8f6b3cae0eeb04ca4dacee1bd4e2db2f
  md5: 8b09ae86839581147ef2e5c5e229d164
  depends:
  - __glibc >=2.17,<3.0.a0
  - libgcc >=14
  constrains:
  - expat 2.7.3.*
  license: MIT
  license_family: MIT
  purls: []
  size: 76643
  timestamp: 1763549731408
- conda: https://conda.anaconda.org/conda-forge/linux-aarch64/libexpat-2.7.3-hfae3067_0.conda
  sha256: cc2581a78315418cc2e0bb2a273d37363203e79cefe78ba6d282fed546262239
  md5: b414e36fbb7ca122030276c75fa9c34a
  depends:
  - libgcc >=14
  constrains:
  - expat 2.7.3.*
  license: MIT
  license_family: MIT
  purls: []
  size: 76201
  timestamp: 1763549910086
- conda: https://conda.anaconda.org/conda-forge/linux-64/libffi-3.5.2-h9ec8514_0.conda
  sha256: 25cbdfa65580cfab1b8d15ee90b4c9f1e0d72128f1661449c9a999d341377d54
  md5: 35f29eec58405aaf55e01cb470d8c26a
  depends:
  - __glibc >=2.17,<3.0.a0
  - libgcc >=14
  license: MIT
  license_family: MIT
  purls: []
  size: 57821
  timestamp: 1760295480630
- conda: https://conda.anaconda.org/conda-forge/linux-aarch64/libffi-3.5.2-hd65408f_0.conda
  sha256: 6c3332e78a975e092e54f87771611db81dcb5515a3847a3641021621de76caea
  md5: 0c5ad486dcfb188885e3cf8ba209b97b
  depends:
  - libgcc >=14
  license: MIT
  license_family: MIT
  purls: []
  size: 55586
  timestamp: 1760295405021
- conda: https://conda.anaconda.org/conda-forge/linux-64/libgcc-15.2.0-he0feb66_16.conda
  sha256: 6eed58051c2e12b804d53ceff5994a350c61baf117ec83f5f10c953a3f311451
  md5: 6d0363467e6ed84f11435eb309f2ff06
  depends:
  - __glibc >=2.17,<3.0.a0
  - _openmp_mutex >=4.5
  constrains:
  - libgcc-ng ==15.2.0=*_16
  - libgomp 15.2.0 he0feb66_16
  license: GPL-3.0-only WITH GCC-exception-3.1
  license_family: GPL
  purls: []
  size: 1042798
  timestamp: 1765256792743
- conda: https://conda.anaconda.org/conda-forge/linux-aarch64/libgcc-15.2.0-h8acb6b2_16.conda
  sha256: 44bfc6fe16236babb271e0c693fe7fd978f336542e23c9c30e700483796ed30b
  md5: cf9cd6739a3b694dcf551d898e112331
  depends:
  - _openmp_mutex >=4.5
  constrains:
  - libgomp 15.2.0 h8acb6b2_16
  - libgcc-ng ==15.2.0=*_16
  license: GPL-3.0-only WITH GCC-exception-3.1
  license_family: GPL
  purls: []
  size: 620637
  timestamp: 1765256938043
- conda: https://conda.anaconda.org/conda-forge/linux-64/libgomp-15.2.0-he0feb66_16.conda
  sha256: 5b3e5e4e9270ecfcd48f47e3a68f037f5ab0f529ccb223e8e5d5ac75a58fc687
  md5: 26c46f90d0e727e95c6c9498a33a09f3
  depends:
  - __glibc >=2.17,<3.0.a0
  license: GPL-3.0-only WITH GCC-exception-3.1
  license_family: GPL
  purls: []
  size: 603284
  timestamp: 1765256703881
- conda: https://conda.anaconda.org/conda-forge/linux-aarch64/libgomp-15.2.0-h8acb6b2_16.conda
  sha256: 0a9d77c920db691eb42b78c734d70c5a1d00b3110c0867cfff18e9dd69bc3c29
  md5: 4d2f224e8186e7881d53e3aead912f6c
  license: GPL-3.0-only WITH GCC-exception-3.1
  license_family: GPL
  purls: []
  size: 587924
  timestamp: 1765256821307
- conda: https://conda.anaconda.org/conda-forge/linux-64/liblzma-5.8.1-hb9d3cd8_2.conda
  sha256: f2591c0069447bbe28d4d696b7fcb0c5bd0b4ac582769b89addbcf26fb3430d8
  md5: 1a580f7796c7bf6393fddb8bbbde58dc
  depends:
  - __glibc >=2.17,<3.0.a0
  - libgcc >=13
  constrains:
  - xz 5.8.1.*
  license: 0BSD
  purls: []
  size: 112894
  timestamp: 1749230047870
- conda: https://conda.anaconda.org/conda-forge/linux-aarch64/liblzma-5.8.1-h86ecc28_2.conda
  sha256: 498ea4b29155df69d7f20990a7028d75d91dbea24d04b2eb8a3d6ef328806849
  md5: 7d362346a479256857ab338588190da0
  depends:
  - libgcc >=13
  constrains:
  - xz 5.8.1.*
  license: 0BSD
  purls: []
  size: 125103
  timestamp: 1749232230009
- conda: https://conda.anaconda.org/conda-forge/linux-64/libmpdec-4.0.0-hb9d3cd8_0.conda
  sha256: 3aa92d4074d4063f2a162cd8ecb45dccac93e543e565c01a787e16a43501f7ee
  md5: c7e925f37e3b40d893459e625f6a53f1
  depends:
  - __glibc >=2.17,<3.0.a0
  - libgcc >=13
  license: BSD-2-Clause
  license_family: BSD
  purls: []
  size: 91183
  timestamp: 1748393666725
- conda: https://conda.anaconda.org/conda-forge/linux-aarch64/libmpdec-4.0.0-h86ecc28_0.conda
  sha256: ef8697f934c80b347bf9d7ed45650928079e303bad01bd064995b0e3166d6e7a
  md5: 78cfed3f76d6f3f279736789d319af76
  depends:
  - libgcc >=13
  license: BSD-2-Clause
  license_family: BSD
  purls: []
  size: 114064
  timestamp: 1748393729243
- conda: https://conda.anaconda.org/conda-forge/linux-64/libsqlite-3.51.1-hf4e2dac_1.conda
  sha256: d614540c55f22ad555633f75e174089018ddfc65c49f447f7bbdbc3c3013bec1
  md5: b1f35e70f047918b49fb4b181e40300e
  depends:
  - __glibc >=2.17,<3.0.a0
  - icu >=78.1,<79.0a0
  - libgcc >=14
  - libzlib >=1.3.1,<2.0a0
  license: blessing
  purls: []
  size: 943451
  timestamp: 1766319676469
- conda: https://conda.anaconda.org/conda-forge/linux-aarch64/libsqlite-3.51.1-h10b116e_1.conda
  sha256: f80893874d5ba5ac754b2d65ec392c46841bfe57bd89499aa0e1965c720babbd
  md5: 9fd37e702b4e7c85462fe79baf13974d
  depends:
  - icu >=78.1,<79.0a0
  - libgcc >=14
  - libzlib >=1.3.1,<2.0a0
  license: blessing
  purls: []
  size: 943924
  timestamp: 1766319577347
- conda: https://conda.anaconda.org/conda-forge/linux-64/libstdcxx-15.2.0-h934c35e_16.conda
  sha256: 813427918316a00c904723f1dfc3da1bbc1974c5cfe1ed1e704c6f4e0798cbc6
  md5: 68f68355000ec3f1d6f26ea13e8f525f
  depends:
  - __glibc >=2.17,<3.0.a0
  - libgcc 15.2.0 he0feb66_16
  constrains:
  - libstdcxx-ng ==15.2.0=*_16
  license: GPL-3.0-only WITH GCC-exception-3.1
  license_family: GPL
  purls: []
  size: 5856456
  timestamp: 1765256838573
- conda: https://conda.anaconda.org/conda-forge/linux-aarch64/libstdcxx-15.2.0-hef695bb_16.conda
  sha256: 4db11a903707068ae37aa6909511c68e9af6a2e97890d1b73b0a8d87cb74aba9
  md5: 52d9df8055af3f1665ba471cce77da48
  depends:
  - libgcc 15.2.0 h8acb6b2_16
  constrains:
  - libstdcxx-ng ==15.2.0=*_16
  license: GPL-3.0-only WITH GCC-exception-3.1
  license_family: GPL
  purls: []
  size: 5541149
  timestamp: 1765256980783
- conda: https://conda.anaconda.org/conda-forge/linux-64/libuuid-2.41.3-h5347b49_0.conda
  sha256: 1a7539cfa7df00714e8943e18de0b06cceef6778e420a5ee3a2a145773758aee
  md5: db409b7c1720428638e7c0d509d3e1b5
  depends:
  - __glibc >=2.17,<3.0.a0
  - libgcc >=14
  license: BSD-3-Clause
  purls: []
  size: 40311
  timestamp: 1766271528534
- conda: https://conda.anaconda.org/conda-forge/linux-aarch64/libuuid-2.41.3-h1022ec0_0.conda
  sha256: c37a8e89b700646f3252608f8368e7eb8e2a44886b92776e57ad7601fc402a11
  md5: cf2861212053d05f27ec49c3784ff8bb
  depends:
  - libgcc >=14
  license: BSD-3-Clause
  purls: []
  size: 43453
  timestamp: 1766271546875
- conda: https://conda.anaconda.org/conda-forge/linux-64/libzlib-1.3.1-hb9d3cd8_2.conda
  sha256: d4bfe88d7cb447768e31650f06257995601f89076080e76df55e3112d4e47dc4
  md5: edb0dca6bc32e4f4789199455a1dbeb8
  depends:
  - __glibc >=2.17,<3.0.a0
  - libgcc >=13
  constrains:
  - zlib 1.3.1 *_2
  license: Zlib
  license_family: Other
  purls: []
  size: 60963
  timestamp: 1727963148474
- conda: https://conda.anaconda.org/conda-forge/linux-aarch64/libzlib-1.3.1-h86ecc28_2.conda
  sha256: 5a2c1eeef69342e88a98d1d95bff1603727ab1ff4ee0e421522acd8813439b84
  md5: 08aad7cbe9f5a6b460d0976076b6ae64
  depends:
  - libgcc >=13
  constrains:
  - zlib 1.3.1 *_2
  license: Zlib
  license_family: Other
  purls: []
  size: 66657
  timestamp: 1727963199518
- conda: https://conda.anaconda.org/conda-forge/linux-64/ncurses-6.5-h2d0b736_3.conda
  sha256: 3fde293232fa3fca98635e1167de6b7c7fda83caf24b9d6c91ec9eefb4f4d586
  md5: 47e340acb35de30501a76c7c799c41d7
  depends:
  - __glibc >=2.17,<3.0.a0
  - libgcc >=13
  license: X11 AND BSD-3-Clause
  purls: []
  size: 891641
  timestamp: 1738195959188
- conda: https://conda.anaconda.org/conda-forge/linux-aarch64/ncurses-6.5-ha32ae93_3.conda
  sha256: 91cfb655a68b0353b2833521dc919188db3d8a7f4c64bea2c6a7557b24747468
  md5: 182afabe009dc78d8b73100255ee6868
  depends:
  - libgcc >=13
  license: X11 AND BSD-3-Clause
  purls: []
  size: 926034
  timestamp: 1738196018799
- conda: https://conda.anaconda.org/conda-forge/linux-64/openssl-3.6.0-h26f9b46_0.conda
  sha256: a47271202f4518a484956968335b2521409c8173e123ab381e775c358c67fe6d
  md5: 9ee58d5c534af06558933af3c845a780
  depends:
  - __glibc >=2.17,<3.0.a0
  - ca-certificates
  - libgcc >=14
  license: Apache-2.0
  license_family: Apache
  purls: []
  size: 3165399
  timestamp: 1762839186699
- conda: https://conda.anaconda.org/conda-forge/linux-aarch64/openssl-3.6.0-h8e36d6e_0.conda
  sha256: 8dd3b4c31fe176a3e51c5729b2c7f4c836a2ce3bd5c82082dc2a503ba9ee0af3
  md5: 7624c6e01aecba942e9115e0f5a2af9d
  depends:
  - ca-certificates
  - libgcc >=14
  license: Apache-2.0
  license_family: Apache
  purls: []
  size: 3705625
  timestamp: 1762841024958
- conda: https://conda.anaconda.org/conda-forge/noarch/packaging-25.0-pyh29332c3_1.conda
  sha256: 289861ed0c13a15d7bbb408796af4de72c2fe67e2bcb0de98f4c3fce259d7991
  md5: 58335b26c38bf4a20f399384c33cbcf9
  depends:
  - python >=3.8
  - python
  license: Apache-2.0
  license_family: APACHE
  purls:
  - pkg:pypi/packaging?source=hash-mapping
  size: 62477
  timestamp: 1745345660407
- conda: https://conda.anaconda.org/conda-forge/noarch/pluggy-1.6.0-pyhf9edf01_1.conda
  sha256: e14aafa63efa0528ca99ba568eaf506eb55a0371d12e6250aaaa61718d2eb62e
  md5: d7585b6550ad04c8c5e21097ada2888e
  depends:
  - python >=3.9
  - python
  license: MIT
  license_family: MIT
  purls:
  - pkg:pypi/pluggy?source=compressed-mapping
  size: 25877
  timestamp: 1764896838868
- conda: https://conda.anaconda.org/conda-forge/noarch/pygments-2.19.2-pyhd8ed1ab_0.conda
  sha256: 5577623b9f6685ece2697c6eb7511b4c9ac5fb607c9babc2646c811b428fd46a
  md5: 6b6ece66ebcae2d5f326c77ef2c5a066
  depends:
  - python >=3.9
  license: BSD-2-Clause
  license_family: BSD
  purls:
  - pkg:pypi/pygments?source=hash-mapping
  size: 889287
  timestamp: 1750615908735
- conda: https://conda.anaconda.org/conda-forge/noarch/pytest-9.0.2-pyhcf101f3_0.conda
  sha256: 9e749fb465a8bedf0184d8b8996992a38de351f7c64e967031944978de03a520
  md5: 2b694bad8a50dc2f712f5368de866480
  depends:
  - pygments >=2.7.2
  - python >=3.10
  - iniconfig >=1.0.1
  - packaging >=22
  - pluggy >=1.5,<2
  - tomli >=1
  - colorama >=0.4
  - exceptiongroup >=1
  - python
  constrains:
  - pytest-faulthandler >=2
  license: MIT
  license_family: MIT
  purls:
  - pkg:pypi/pytest?source=hash-mapping
  size: 299581
  timestamp: 1765062031645
- conda: https://conda.anaconda.org/conda-forge/noarch/pytest-asyncio-1.3.0-pyhcf101f3_0.conda
  sha256: e782cf0555e4d54102423ad3421c8122f97a7a7c2d55c677a91e32d7c3e2b059
  md5: 80eccce75e6728e9e728370984bdc6fd
  depends:
  - pytest >=8.2,<10
  - python >=3.10
  - typing_extensions >=4.12
  - backports.asyncio.runner >=1.1,<2
  - python
  license: Apache-2.0
  license_family: APACHE
  purls:
  - pkg:pypi/pytest-asyncio?source=hash-mapping
  size: 39223
  timestamp: 1762797319837
- conda: https://conda.anaconda.org/conda-forge/linux-64/python-3.14.2-h32b2ec7_100_cp314.conda
  build_number: 100
  sha256: a120fb2da4e4d51dd32918c149b04a08815fd2bd52099dad1334647984bb07f1
  md5: 1cef1236a05c3a98f68c33ae9425f656
  depends:
  - __glibc >=2.17,<3.0.a0
  - bzip2 >=1.0.8,<2.0a0
  - ld_impl_linux-64 >=2.36.1
  - libexpat >=2.7.3,<3.0a0
  - libffi >=3.5.2,<3.6.0a0
  - libgcc >=14
  - liblzma >=5.8.1,<6.0a0
  - libmpdec >=4.0.0,<5.0a0
  - libsqlite >=3.51.1,<4.0a0
  - libuuid >=2.41.2,<3.0a0
  - libzlib >=1.3.1,<2.0a0
  - ncurses >=6.5,<7.0a0
  - openssl >=3.5.4,<4.0a0
  - python_abi 3.14.* *_cp314
  - readline >=8.2,<9.0a0
  - tk >=8.6.13,<8.7.0a0
  - tzdata
  - zstd >=1.5.7,<1.6.0a0
  license: Python-2.0
  purls: []
  size: 36790521
  timestamp: 1765021515427
  python_site_packages_path: lib/python3.14/site-packages
- conda: https://conda.anaconda.org/conda-forge/linux-aarch64/python-3.14.2-hb06a95a_100_cp314.conda
  build_number: 100
  sha256: 41adf6ee7a953ef4f35551a4a910a196b0a75e1ded458df5e73ef321863cb3f2
  md5: 432459e6961a5bc4cfe7cd080aee721a
  depends:
  - bzip2 >=1.0.8,<2.0a0
  - ld_impl_linux-aarch64 >=2.36.1
  - libexpat >=2.7.3,<3.0a0
  - libffi >=3.5.2,<3.6.0a0
  - libgcc >=14
  - liblzma >=5.8.1,<6.0a0
  - libmpdec >=4.0.0,<5.0a0
  - libsqlite >=3.51.1,<4.0a0
  - libuuid >=2.41.2,<3.0a0
  - libzlib >=1.3.1,<2.0a0
  - ncurses >=6.5,<7.0a0
  - openssl >=3.5.4,<4.0a0
  - python_abi 3.14.* *_cp314
  - readline >=8.2,<9.0a0
  - tk >=8.6.13,<8.7.0a0
  - tzdata
  - zstd >=1.5.7,<1.6.0a0
  license: Python-2.0
  purls: []
  size: 37217543
  timestamp: 1765020325291
  python_site_packages_path: lib/python3.14/site-packages
- conda: https://conda.anaconda.org/conda-forge/noarch/python_abi-3.14-8_cp314.conda
  build_number: 8
  sha256: ad6d2e9ac39751cc0529dd1566a26751a0bf2542adb0c232533d32e176e21db5
  md5: 0539938c55b6b1a59b560e843ad864a4
  constrains:
  - python 3.14.* *_cp314
  license: BSD-3-Clause
  license_family: BSD
  purls: []
  size: 6989
  timestamp: 1752805904792
- conda: https://conda.anaconda.org/conda-forge/linux-64/readline-8.3-h853b02a_0.conda
  sha256: 12ffde5a6f958e285aa22c191ca01bbd3d6e710aa852e00618fa6ddc59149002
  md5: d7d95fc8287ea7bf33e0e7116d2b95ec
  depends:
  - __glibc >=2.17,<3.0.a0
  - libgcc >=14
  - ncurses >=6.5,<7.0a0
  license: GPL-3.0-only
  license_family: GPL
  purls: []
  size: 345073
  timestamp: 1765813471974
- conda: https://conda.anaconda.org/conda-forge/linux-aarch64/readline-8.3-hb682ff5_0.conda
  sha256: fe695f9d215e9a2e3dd0ca7f56435ab4df24f5504b83865e3d295df36e88d216
  md5: 3d49cad61f829f4f0e0611547a9cda12
  depends:
  - libgcc >=14
  - ncurses >=6.5,<7.0a0
  license: GPL-3.0-only
  license_family: GPL
  purls: []
  size: 357597
  timestamp: 1765815673644
- conda: https://conda.anaconda.org/conda-forge/linux-64/tk-8.6.13-noxft_ha0e22de_103.conda
  sha256: 1544760538a40bcd8ace2b1d8ebe3eb5807ac268641f8acdc18c69c5ebfeaf64
  md5: 86bc20552bf46075e3d92b67f089172d
  depends:
  - __glibc >=2.17,<3.0.a0
  - libgcc >=13
  - libzlib >=1.3.1,<2.0a0
  constrains:
  - xorg-libx11 >=1.8.12,<2.0a0
  license: TCL
  license_family: BSD
  purls: []
  size: 3284905
  timestamp: 1763054914403
- conda: https://conda.anaconda.org/conda-forge/linux-aarch64/tk-8.6.13-noxft_h561c983_103.conda
  sha256: 154e73f6269f92ad5257aa2039278b083998fd19d371e150f307483fb93c07ae
  md5: 631db4799bc2bfe4daccf80bb3cbc433
  depends:
  - libgcc >=13
  - libzlib >=1.3.1,<2.0a0
  constrains:
  - xorg-libx11 >=1.8.12,<2.0a0
  license: TCL
  license_family: BSD
  purls: []
  size: 3333495
  timestamp: 1763059192223
- conda: https://conda.anaconda.org/conda-forge/noarch/tomli-2.3.0-pyhcf101f3_0.conda
  sha256: cb77c660b646c00a48ef942a9e1721ee46e90230c7c570cdeb5a893b5cce9bff
  md5: d2732eb636c264dc9aa4cbee404b1a53
  depends:
  - python >=3.10
  - python
  license: MIT
  license_family: MIT
  purls:
  - pkg:pypi/tomli?source=compressed-mapping
  size: 20973
  timestamp: 1760014679845
- conda: https://conda.anaconda.org/conda-forge/noarch/typing_extensions-4.15.0-pyhcf101f3_0.conda
  sha256: 032271135bca55aeb156cee361c81350c6f3fb203f57d024d7e5a1fc9ef18731
  md5: 0caa1af407ecff61170c9437a808404d
  depends:
  - python >=3.10
  - python
  license: PSF-2.0
  license_family: PSF
  purls:
  - pkg:pypi/typing-extensions?source=hash-mapping
  size: 51692
  timestamp: 1756220668932
- conda: https://conda.anaconda.org/conda-forge/noarch/tzdata-2025c-h8577fbf_0.conda
  sha256: 50fad5db6734d1bb73df1cf5db73215e326413d4b2137933f70708aa1840e25b
  md5: 338201218b54cadff2e774ac27733990
  license: LicenseRef-Public-Domain
  purls: []
  size: 119204
  timestamp: 1765745742795
- conda: https://conda.anaconda.org/conda-forge/linux-64/zenoh-1.7.1-ha770c72_0.conda
  sha256: 974051879dffa23ffa921c48d12121f8ad140102eb3860d5dfbf0cb62cffcce6
  md5: 55dd0d2c0e8958b01d86762d172402d0
  depends:
  - zenoh-plugin-rest 1.7.1 h171a5d8_0
  - zenoh-plugin-storage-manager 1.7.1 h171a5d8_0
  - zenohd 1.7.1 h171a5d8_0
  license: Apache-2.0 OR EPL-2.0
  purls: []
  size: 48070
  timestamp: 1765443749902
- conda: https://conda.anaconda.org/conda-forge/linux-aarch64/zenoh-1.7.1-h8af1aa0_0.conda
  sha256: bcec9cf2fb25797b45ef9508fce78d5af4bc453ae96bb1184028aa5fc1cfa848
  md5: 282c1d1aae1adede0419eb73e695bd4a
  depends:
  - zenoh-plugin-rest 1.7.1 h5adfe75_0
  - zenoh-plugin-storage-manager 1.7.1 h5adfe75_0
  - zenohd 1.7.1 h5adfe75_0
  license: Apache-2.0 OR EPL-2.0
  purls: []
  size: 48159
  timestamp: 1765443574072
- conda: https://conda.anaconda.org/conda-forge/linux-64/zenoh-plugin-rest-1.7.1-h171a5d8_0.conda
  sha256: 018c1d5e885f4b7383036c6674aec5b81093f0a396346ea3ca1e96bd00185a06
  md5: d73c329e5c3ce22175e96633c05d3ea0
  depends:
  - __glibc >=2.17,<3.0.a0
  - libgcc >=14
  constrains:
  - __glibc >=2.17
  license: Apache-2.0 OR EPL-2.0
  purls: []
  size: 1214573
  timestamp: 1765442892060
- conda: https://conda.anaconda.org/conda-forge/linux-aarch64/zenoh-plugin-rest-1.7.1-h5adfe75_0.conda
  sha256: 50ff35f1d16e0a9986a801abfc54ce5599e4b2b2b45643ef9d0345dd3d769112
  md5: 5f6c13c57f764d0ea29902bcb374300e
  depends:
  - libgcc >=14
  constrains:
  - __glibc >=2.17
  license: Apache-2.0 OR EPL-2.0
  purls: []
  size: 1189787
  timestamp: 1765442783803
- conda: https://conda.anaconda.org/conda-forge/linux-64/zenoh-plugin-storage-manager-1.7.1-h171a5d8_0.conda
  sha256: d1b933a2756326d83744833a7e37f4b0fc648b7f22d5c4417ebe1f26103d20e3
  md5: 7cbc8abfdcad6b840005b4317300f76e
  depends:
  - __glibc >=2.17,<3.0.a0
  - libgcc >=14
  constrains:
  - __glibc >=2.17
  license: Apache-2.0 OR EPL-2.0
  purls: []
  size: 1160339
  timestamp: 1765443260093
- conda: https://conda.anaconda.org/conda-forge/linux-aarch64/zenoh-plugin-storage-manager-1.7.1-h5adfe75_0.conda
  sha256: 3729d069b71d1c3080823da68af74bdf82a57fb5b9f80cd13f454efbcc48a978
  md5: f620ce0f05f5bcab47aa698de4cd940d
  depends:
  - libgcc >=14
  constrains:
  - __glibc >=2.17
  license: Apache-2.0 OR EPL-2.0
  purls: []
  size: 1142495
  timestamp: 1765443135202
- conda: https://conda.anaconda.org/conda-forge/linux-64/zenohd-1.7.1-h171a5d8_0.conda
  sha256: f33c4044639eb5b1d24b592e8a42a4b497263d422d6c31615adf62919da54db1
  md5: fd57d8764853b06e26e73df0ada4e992
  depends:
  - __glibc >=2.17,<3.0.a0
  - libgcc >=14
  constrains:
  - __glibc >=2.17
  license: Apache-2.0 OR EPL-2.0
  purls: []
  size: 4344733
  timestamp: 1765443741604
- conda: https://conda.anaconda.org/conda-forge/linux-aarch64/zenohd-1.7.1-h5adfe75_0.conda
  sha256: c8f3b5f4c23a259b72b2a96e43d2a113011d0bb2bcc5f992dd42e94e377ef907
  md5: c72c5a8f4323d1194b9409bcad953637
  depends:
  - libgcc >=14
  constrains:
  - __glibc >=2.17
  license: Apache-2.0 OR EPL-2.0
  purls: []
  size: 4197307
  timestamp: 1765443564384
- conda: https://conda.anaconda.org/conda-forge/linux-64/zstd-1.5.7-hb78ec9c_6.conda
  sha256: 68f0206ca6e98fea941e5717cec780ed2873ffabc0e1ed34428c061e2c6268c7
  md5: 4a13eeac0b5c8e5b8ab496e6c4ddd829
  depends:
  - __glibc >=2.17,<3.0.a0
  - libzlib >=1.3.1,<2.0a0
  license: BSD-3-Clause
  license_family: BSD
  purls: []
  size: 601375
  timestamp: 1764777111296
- conda: https://conda.anaconda.org/conda-forge/linux-aarch64/zstd-1.5.7-h85ac4a6_6.conda
  sha256: 569990cf12e46f9df540275146da567d9c618c1e9c7a0bc9d9cfefadaed20b75
  md5: c3655f82dcea2aa179b291e7099c1fcc
  depends:
  - libzlib >=1.3.1,<2.0a0
  license: BSD-3-Clause
  license_family: BSD
  purls: []
  size: 614429
  timestamp: 1764777145593
